
Microsoft Visual Studio Solution File, Format Version 12.00
# Visual Studio Version 17
VisualStudioVersion = 17.12.35707.178
MinimumVisualStudioVersion = 10.0.40219.1
Project("{9A19103F-16F7-4668-BE54-9A1E7A4F7556}") = "YemekhaneEntityLayer", "YemekhaneEntityLayer\YemekhaneEntityLayer.csproj", "{5C31F3F7-C836-441E-B508-C90B5BF3D2B0}"
EndProject
Project("{9A19103F-16F7-4668-BE54-9A1E7A4F7556}") = "YemekhaneDataAccesLayer", "YemekhaneDataAccesLayer\YemekhaneDataAccesLayer.csproj", "{3CB5B432-344D-48F9-BDF7-1BADFE958BDB}"
EndProject
Project("{FAE04EC0-301F-11D3-BF4B-00C04F79EFBC}") = "YemekhaneBussssinesLayer.", "YemekhaneBussssinesLayer\YemekhaneBussssinesLayer..csproj", "{54D001A3-835B-4F2C-B492-F98BE52A1F5C}"
EndProject
Project("{FAE04EC0-301F-11D3-BF4B-00C04F79EFBC}") = "YemekhaneHelpersLayer", "YemekhaneHelpersLayer\YemekhaneHelpersLayer.csproj", "{3FBCC8F8-781B-446E-B577-4EB35C992608}"
EndProject
Project("{2150E333-8FDC-42A3-9474-1A3956D46DE8}") = "ToDoList", "ToDoList", "{CAC8DFD1-200B-474E-A0F6-F2C99FF2B68A}"
	ProjectSection(SolutionItems) = preProject
		Yapılacaklar.txt = Yapılacaklar.txt
		Yapılan  İşler.txt = Yapılan  İşler.txt
	EndProjectSection
EndProject
Project("{FAE04EC0-301F-11D3-BF4B-00C04F79EFBC}") = "PresentationLayer", "PresentationLayer\PresentationLayer.csproj", "{C9E1E1F7-9AA0-4EB5-BE4A-45EBDCFCA765}"
EndProject
Global
	GlobalSection(SolutionConfigurationPlatforms) = preSolution
		Debug|Any CPU = Debug|Any CPU
		Release|Any CPU = Release|Any CPU
	EndGlobalSection
	GlobalSection(ProjectConfigurationPlatforms) = postSolution
		{5C31F3F7-C836-441E-B508-C90B5BF3D2B0}.Debug|Any CPU.ActiveCfg = Debug|Any CPU
		{5C31F3F7-C836-441E-B508-C90B5BF3D2B0}.Debug|Any CPU.Build.0 = Debug|Any CPU
		{5C31F3F7-C836-441E-B508-C90B5BF3D2B0}.Release|Any CPU.ActiveCfg = Release|Any CPU
		{5C31F3F7-C836-441E-B508-C90B5BF3D2B0}.Release|Any CPU.Build.0 = Release|Any CPU
		{3CB5B432-344D-48F9-BDF7-1BADFE958BDB}.Debug|Any CPU.ActiveCfg = Debug|Any CPU
		{3CB5B432-344D-48F9-BDF7-1BADFE958BDB}.Debug|Any CPU.Build.0 = Debug|Any CPU
		{3CB5B432-344D-48F9-BDF7-1BADFE958BDB}.Release|Any CPU.ActiveCfg = Release|Any CPU
		{3CB5B432-344D-48F9-BDF7-1BADFE958BDB}.Release|Any CPU.Build.0 = Release|Any CPU
		{54D001A3-835B-4F2C-B492-F98BE52A1F5C}.Debug|Any CPU.ActiveCfg = Debug|Any CPU
		{54D001A3-835B-4F2C-B492-F98BE52A1F5C}.Debug|Any CPU.Build.0 = Debug|Any CPU
		{54D001A3-835B-4F2C-B492-F98BE52A1F5C}.Release|Any CPU.ActiveCfg = Release|Any CPU
		{54D001A3-835B-4F2C-B492-F98BE52A1F5C}.Release|Any CPU.Build.0 = Release|Any CPU
		{3FBCC8F8-781B-446E-B577-4EB35C992608}.Debug|Any CPU.ActiveCfg = Debug|Any CPU
		{3FBCC8F8-781B-446E-B577-4EB35C992608}.Debug|Any CPU.Build.0 = Debug|Any CPU
		{3FBCC8F8-781B-446E-B577-4EB35C992608}.Release|Any CPU.ActiveCfg = Release|Any CPU
		{3FBCC8F8-781B-446E-B577-4EB35C992608}.Release|Any CPU.Build.0 = Release|Any CPU
		{C9E1E1F7-9AA0-4EB5-BE4A-45EBDCFCA765}.Debug|Any CPU.ActiveCfg = Debug|Any CPU
		{C9E1E1F7-9AA0-4EB5-BE4A-45EBDCFCA765}.Debug|Any CPU.Build.0 = Debug|Any CPU
		{C9E1E1F7-9AA0-4EB5-BE4A-45EBDCFCA765}.Release|Any CPU.ActiveCfg = Release|Any CPU
		{C9E1E1F7-9AA0-4EB5-BE4A-45EBDCFCA765}.Release|Any CPU.Build.0 = Release|Any CPU
	EndGlobalSection
	GlobalSection(SolutionProperties) = preSolution
		HideSolutionNode = FALSE
	EndGlobalSection
	GlobalSection(ExtensibilityGlobals) = postSolution
		SolutionGuid = {476B6615-77D0-4779-882D-C9077CEE2188}
	EndGlobalSection
EndGlobal
